{
  "name": "airflow-on-fargate",
  "version": "1.0.0",
  "lockfileVersion": 1,
  "requires": true,
  "dependencies": {
    "@aws-cdk/assets": {
      "version": "1.57.0",
      "resolved": "https://registry.npmjs.org/@aws-cdk/assets/-/assets-1.57.0.tgz",
      "integrity": "sha512-+yn4YWU7LCDbL6GsvnXgY0pe7TaH8Ib+o4zowsLuMnS2l5ShtHy7dpqJj+VVO0/YR9upvmlvMg6QY6UQRpA0cA==",
      "requires": {
        "@aws-cdk/core": "1.57.0",
        "@aws-cdk/cx-api": "1.57.0",
        "constructs": "^3.0.2"
      }
    },
    "@aws-cdk/aws-apigateway": {
      "version": "1.57.0",
      "resolved": "https://registry.npmjs.org/@aws-cdk/aws-apigateway/-/aws-apigateway-1.57.0.tgz",
      "integrity": "sha512-y04kG/h4lQq5TQTyOogLzdt61mdDOaXcSnQrOEBMKgMyDOpcT9mETlfxPfvn55tdrw6XwlC8d1qB6Jo6GJQf4w==",
      "requires": {
        "@aws-cdk/assets": "1.57.0",
        "@aws-cdk/aws-certificatemanager": "1.57.0",
        "@aws-cdk/aws-ec2": "1.57.0",
        "@aws-cdk/aws-elasticloadbalancingv2": "1.57.0",
        "@aws-cdk/aws-iam": "1.57.0",
        "@aws-cdk/aws-lambda": "1.57.0",
        "@aws-cdk/aws-logs": "1.57.0",
        "@aws-cdk/aws-s3": "1.57.0",
        "@aws-cdk/aws-s3-assets": "1.57.0",
        "@aws-cdk/core": "1.57.0",
        "@aws-cdk/cx-api": "1.57.0",
        "constructs": "^3.0.2"
      }
    },
    "@aws-cdk/aws-applicationautoscaling": {
      "version": "1.57.0",
      "resolved": "https://registry.npmjs.org/@aws-cdk/aws-applicationautoscaling/-/aws-applicationautoscaling-1.57.0.tgz",
      "integrity": "sha512-frlqBtUcrJfZ5NTyW4DpAPnQFcHAioUQKj65/XEwCZvq6g44S9z+ARAIT0hEisUfFDFnJ1p6Fm/Wn+M6fyLQFA==",
      "requires": {
        "@aws-cdk/aws-autoscaling-common": "1.57.0",
        "@aws-cdk/aws-cloudwatch": "1.57.0",
        "@aws-cdk/aws-iam": "1.57.0",
        "@aws-cdk/core": "1.57.0",
        "constructs": "^3.0.2"
      }
    },
    "@aws-cdk/aws-autoscaling": {
      "version": "1.57.0",
      "resolved": "https://registry.npmjs.org/@aws-cdk/aws-autoscaling/-/aws-autoscaling-1.57.0.tgz",
      "integrity": "sha512-UYFW/ksiOPV7aHFixOYZMqddduf39skeBb8zxZBNPEKQ2PmUzSx3ygPf5XQMKngnuf47IUKd0O7Za4fBHex9Mg==",
      "requires": {
        "@aws-cdk/aws-autoscaling-common": "1.57.0",
        "@aws-cdk/aws-cloudwatch": "1.57.0",
        "@aws-cdk/aws-ec2": "1.57.0",
        "@aws-cdk/aws-elasticloadbalancing": "1.57.0",
        "@aws-cdk/aws-elasticloadbalancingv2": "1.57.0",
        "@aws-cdk/aws-iam": "1.57.0",
        "@aws-cdk/aws-sns": "1.57.0",
        "@aws-cdk/core": "1.57.0",
        "constructs": "^3.0.2"
      }
    },
    "@aws-cdk/aws-autoscaling-common": {
      "version": "1.57.0",
      "resolved": "https://registry.npmjs.org/@aws-cdk/aws-autoscaling-common/-/aws-autoscaling-common-1.57.0.tgz",
      "integrity": "sha512-FYcqcby+ObhZEaP4za+JhwShQVAWAXQDq0DoDlYd30RgWcr7yz6gbz56G2N+/ngxFWQ42SkS+T1BqR3hsQdTmg==",
      "requires": {
        "@aws-cdk/aws-iam": "1.57.0",
        "@aws-cdk/core": "1.57.0",
        "constructs": "^3.0.2"
      }
    },
    "@aws-cdk/aws-autoscaling-hooktargets": {
      "version": "1.57.0",
      "resolved": "https://registry.npmjs.org/@aws-cdk/aws-autoscaling-hooktargets/-/aws-autoscaling-hooktargets-1.57.0.tgz",
      "integrity": "sha512-PIkBKiZSN+OpeSYdFcBWKgnyYrBvmhsgAAQmKiV/OP0FeM87+jh7hjlaREA/WuRIbv3vj/rcEpWcVih8vzgTLw==",
      "requires": {
        "@aws-cdk/aws-autoscaling": "1.57.0",
        "@aws-cdk/aws-iam": "1.57.0",
        "@aws-cdk/aws-lambda": "1.57.0",
        "@aws-cdk/aws-sns": "1.57.0",
        "@aws-cdk/aws-sns-subscriptions": "1.57.0",
        "@aws-cdk/aws-sqs": "1.57.0",
        "@aws-cdk/core": "1.57.0",
        "constructs": "^3.0.2"
      }
    },
    "@aws-cdk/aws-batch": {
      "version": "1.57.0",
      "resolved": "https://registry.npmjs.org/@aws-cdk/aws-batch/-/aws-batch-1.57.0.tgz",
      "integrity": "sha512-jckHpmHVEdfEBFLAk8u+W9UYOTkDvefbrTmdW9wA0361jujxC6lYyp2lkF53i75L0kdBpJpGlhlSyyofESTk3w==",
      "requires": {
        "@aws-cdk/aws-ec2": "1.57.0",
        "@aws-cdk/aws-ecr": "1.57.0",
        "@aws-cdk/aws-ecs": "1.57.0",
        "@aws-cdk/aws-iam": "1.57.0",
        "@aws-cdk/core": "1.57.0",
        "constructs": "^3.0.2"
      }
    },
    "@aws-cdk/aws-certificatemanager": {
      "version": "1.57.0",
      "resolved": "https://registry.npmjs.org/@aws-cdk/aws-certificatemanager/-/aws-certificatemanager-1.57.0.tgz",
      "integrity": "sha512-CMRhikcHziPrKhe/CHgQ4boCa+rG19QtF7wzTMHlAeEd7E8ruJMH9yNFtS1+MFrwLgp0hMS+H/Gyz9arJtfCrA==",
      "requires": {
        "@aws-cdk/aws-iam": "1.57.0",
        "@aws-cdk/aws-lambda": "1.57.0",
        "@aws-cdk/aws-route53": "1.57.0",
        "@aws-cdk/core": "1.57.0",
        "constructs": "^3.0.2"
      }
    },
    "@aws-cdk/aws-cloudformation": {
      "version": "1.57.0",
      "resolved": "https://registry.npmjs.org/@aws-cdk/aws-cloudformation/-/aws-cloudformation-1.57.0.tgz",
      "integrity": "sha512-rEjjXOoXNJ4kPSkdlKuhA1VYIRhByqZJ5PqWhGCYB+PlAlOFiAzOH63xbDkhn4g4S+PIi2h9AYNIkqniqtjceA==",
      "requires": {
        "@aws-cdk/aws-iam": "1.57.0",
        "@aws-cdk/aws-lambda": "1.57.0",
        "@aws-cdk/aws-s3": "1.57.0",
        "@aws-cdk/aws-sns": "1.57.0",
        "@aws-cdk/core": "1.57.0",
        "@aws-cdk/cx-api": "1.57.0",
        "constructs": "^3.0.2"
      }
    },
    "@aws-cdk/aws-cloudfront": {
      "version": "1.57.0",
      "resolved": "https://registry.npmjs.org/@aws-cdk/aws-cloudfront/-/aws-cloudfront-1.57.0.tgz",
      "integrity": "sha512-OWXJ6X2mxtN/EbXavr4icidamSmj588Pcjb2vvcK8XC//wOOlUZh/mAA26zTilFbFeGrCxRh62itJauRjlA6hw==",
      "requires": {
        "@aws-cdk/aws-certificatemanager": "1.57.0",
        "@aws-cdk/aws-iam": "1.57.0",
        "@aws-cdk/aws-kms": "1.57.0",
        "@aws-cdk/aws-lambda": "1.57.0",
        "@aws-cdk/aws-s3": "1.57.0",
        "@aws-cdk/core": "1.57.0",
        "constructs": "^3.0.2"
      }
    },
    "@aws-cdk/aws-cloudwatch": {
      "version": "1.57.0",
      "resolved": "https://registry.npmjs.org/@aws-cdk/aws-cloudwatch/-/aws-cloudwatch-1.57.0.tgz",
      "integrity": "sha512-sKS0LURGmL1jbgrG9UGUxh0q+yxGVDmsds3eoJWLc0qyVrD9KN3wxU+QuSLqQdZGGun/tDIv39UQ1l+Y6vodsw==",
      "requires": {
        "@aws-cdk/aws-iam": "1.57.0",
        "@aws-cdk/core": "1.57.0",
        "constructs": "^3.0.2"
      }
    },
    "@aws-cdk/aws-codebuild": {
      "version": "1.57.0",
      "resolved": "https://registry.npmjs.org/@aws-cdk/aws-codebuild/-/aws-codebuild-1.57.0.tgz",
      "integrity": "sha512-oZhaSP1xvJsMmL1g6NWJB4GZzcKhgailwitA1VT9sNKbAabSrUE8X7x7tOBprdtRDiFdeAtO7oR1gdyuITErtA==",
      "requires": {
        "@aws-cdk/assets": "1.57.0",
        "@aws-cdk/aws-cloudwatch": "1.57.0",
        "@aws-cdk/aws-codecommit": "1.57.0",
        "@aws-cdk/aws-ec2": "1.57.0",
        "@aws-cdk/aws-ecr": "1.57.0",
        "@aws-cdk/aws-ecr-assets": "1.57.0",
        "@aws-cdk/aws-events": "1.57.0",
        "@aws-cdk/aws-iam": "1.57.0",
        "@aws-cdk/aws-kms": "1.57.0",
        "@aws-cdk/aws-s3": "1.57.0",
        "@aws-cdk/aws-s3-assets": "1.57.0",
        "@aws-cdk/aws-secretsmanager": "1.57.0",
        "@aws-cdk/core": "1.57.0",
        "constructs": "^3.0.2"
      }
    },
    "@aws-cdk/aws-codecommit": {
      "version": "1.57.0",
      "resolved": "https://registry.npmjs.org/@aws-cdk/aws-codecommit/-/aws-codecommit-1.57.0.tgz",
      "integrity": "sha512-AAXoDZvvKAfTpnRbqSaR2nkXRLpCdcbv+geJX2HLycgch/wIyMfXKJZXuTtQAtlt5elPGrNt3CT02kvfQKBB4w==",
      "requires": {
        "@aws-cdk/aws-events": "1.57.0",
        "@aws-cdk/aws-iam": "1.57.0",
        "@aws-cdk/core": "1.57.0",
        "constructs": "^3.0.2"
      }
    },
    "@aws-cdk/aws-codeguruprofiler": {
      "version": "1.57.0",
      "resolved": "https://registry.npmjs.org/@aws-cdk/aws-codeguruprofiler/-/aws-codeguruprofiler-1.57.0.tgz",
      "integrity": "sha512-69KWy67Lo20DcFXSuSxlD5Px08jnDtkLIMroF8Zp9dEF5maxgy41i26FoY4hQQnXiTKopA8IPVxHvkouRxNutQ==",
      "requires": {
        "@aws-cdk/aws-iam": "1.57.0",
        "@aws-cdk/core": "1.57.0"
      }
    },
    "@aws-cdk/aws-codepipeline": {
      "version": "1.57.0",
      "resolved": "https://registry.npmjs.org/@aws-cdk/aws-codepipeline/-/aws-codepipeline-1.57.0.tgz",
      "integrity": "sha512-oTqN8MdubKKVL24/oU3erA3vBpYUeFQvDPiV1T0ODfvuFxqbgu7iVjw0h70DGyoHoeq1mi8LmdaddkgE6e8RIw==",
      "requires": {
        "@aws-cdk/aws-events": "1.57.0",
        "@aws-cdk/aws-iam": "1.57.0",
        "@aws-cdk/aws-kms": "1.57.0",
        "@aws-cdk/aws-s3": "1.57.0",
        "@aws-cdk/core": "1.57.0",
        "constructs": "^3.0.2"
      }
    },
    "@aws-cdk/aws-cognito": {
      "version": "1.57.0",
      "resolved": "https://registry.npmjs.org/@aws-cdk/aws-cognito/-/aws-cognito-1.57.0.tgz",
      "integrity": "sha512-+r9VFKOl1n0/7XuOP9B9DoXZx5IhnkB9y6vgrD1oOBgpOtePf6z8VSyW2nR+slZWQCTgbe2fN3E3afQY9dS1lQ==",
      "requires": {
        "@aws-cdk/aws-certificatemanager": "1.57.0",
        "@aws-cdk/aws-iam": "1.57.0",
        "@aws-cdk/aws-lambda": "1.57.0",
        "@aws-cdk/core": "1.57.0",
        "@aws-cdk/custom-resources": "1.57.0",
        "constructs": "^3.0.2"
      }
    },
    "@aws-cdk/aws-ec2": {
      "version": "1.57.0",
      "resolved": "https://registry.npmjs.org/@aws-cdk/aws-ec2/-/aws-ec2-1.57.0.tgz",
      "integrity": "sha512-ptqXTCm0YE87YyLovVCmMVoqJ3V4yCTRJPXbA9j+h1eJcnKamTI2FmYqVDGrysAGYLAJyzi233sstfMFbks94g==",
      "requires": {
        "@aws-cdk/aws-cloudwatch": "1.57.0",
        "@aws-cdk/aws-iam": "1.57.0",
        "@aws-cdk/aws-kms": "1.57.0",
        "@aws-cdk/aws-logs": "1.57.0",
        "@aws-cdk/aws-s3": "1.57.0",
        "@aws-cdk/aws-ssm": "1.57.0",
        "@aws-cdk/cloud-assembly-schema": "1.57.0",
        "@aws-cdk/core": "1.57.0",
        "@aws-cdk/cx-api": "1.57.0",
        "@aws-cdk/region-info": "1.57.0",
        "constructs": "^3.0.2"
      }
    },
    "@aws-cdk/aws-ecr": {
      "version": "1.57.0",
      "resolved": "https://registry.npmjs.org/@aws-cdk/aws-ecr/-/aws-ecr-1.57.0.tgz",
      "integrity": "sha512-wZWvYrN1M9bn7txtdertDHcGfKYT/eTzQp/MyH/cu/ZKs+IQQ/Iq1Zh+t8d3nrkfoFPP8LPI3AyVOLAiPw8pGg==",
      "requires": {
        "@aws-cdk/aws-events": "1.57.0",
        "@aws-cdk/aws-iam": "1.57.0",
        "@aws-cdk/core": "1.57.0",
        "@aws-cdk/custom-resources": "1.57.0",
        "constructs": "^3.0.2"
      }
    },
    "@aws-cdk/aws-ecr-assets": {
      "version": "1.57.0",
      "resolved": "https://registry.npmjs.org/@aws-cdk/aws-ecr-assets/-/aws-ecr-assets-1.57.0.tgz",
      "integrity": "sha512-5i/b77ImDp+WF3GIIwjO1HHI3o/HPrLXbS/j44v9jxecBlpMj+DroOSn5jnq+J2wGguUS9UrIdgstts0lqCnYA==",
      "requires": {
        "@aws-cdk/assets": "1.57.0",
        "@aws-cdk/aws-ecr": "1.57.0",
        "@aws-cdk/aws-iam": "1.57.0",
        "@aws-cdk/aws-lambda": "1.57.0",
        "@aws-cdk/aws-s3": "1.57.0",
        "@aws-cdk/core": "1.57.0",
        "@aws-cdk/cx-api": "1.57.0",
        "constructs": "^3.0.2",
        "minimatch": "^3.0.4"
      },
      "dependencies": {
        "minimatch": {
          "version": "3.0.4",
          "resolved": "https://registry.npmjs.org/minimatch/-/minimatch-3.0.4.tgz",
          "integrity": "sha512-yJHVQEhyqPLUTgt9B83PXu6W3rx4MvvHvSUvToogpwoGDOUQ+yDrR0HRot+yOCdCO7u4hX3pWft6kWBBcqh0UA==",
          "requires": {
            "brace-expansion": "^1.1.7"
          }
        }
      }
    },
    "@aws-cdk/aws-ecs": {
      "version": "1.57.0",
      "resolved": "https://registry.npmjs.org/@aws-cdk/aws-ecs/-/aws-ecs-1.57.0.tgz",
      "integrity": "sha512-uSUNe+K10WcvWhYKY3rvN0C/93yuajbdHMqybemNVU29PFnqTQ6djKsieIAxlPctM6jwQditakLH8S01xscTxw==",
      "requires": {
        "@aws-cdk/aws-applicationautoscaling": "1.57.0",
        "@aws-cdk/aws-autoscaling": "1.57.0",
        "@aws-cdk/aws-autoscaling-hooktargets": "1.57.0",
        "@aws-cdk/aws-certificatemanager": "1.57.0",
        "@aws-cdk/aws-cloudwatch": "1.57.0",
        "@aws-cdk/aws-ec2": "1.57.0",
        "@aws-cdk/aws-ecr": "1.57.0",
        "@aws-cdk/aws-ecr-assets": "1.57.0",
        "@aws-cdk/aws-elasticloadbalancing": "1.57.0",
        "@aws-cdk/aws-elasticloadbalancingv2": "1.57.0",
        "@aws-cdk/aws-iam": "1.57.0",
        "@aws-cdk/aws-lambda": "1.57.0",
        "@aws-cdk/aws-logs": "1.57.0",
        "@aws-cdk/aws-route53": "1.57.0",
        "@aws-cdk/aws-route53-targets": "1.57.0",
        "@aws-cdk/aws-secretsmanager": "1.57.0",
        "@aws-cdk/aws-servicediscovery": "1.57.0",
        "@aws-cdk/aws-sns": "1.57.0",
        "@aws-cdk/aws-sqs": "1.57.0",
        "@aws-cdk/aws-ssm": "1.57.0",
        "@aws-cdk/core": "1.57.0",
        "@aws-cdk/cx-api": "1.57.0",
        "constructs": "^3.0.2"
      }
    },
    "@aws-cdk/aws-ecs-patterns": {
      "version": "1.57.0",
      "resolved": "https://registry.npmjs.org/@aws-cdk/aws-ecs-patterns/-/aws-ecs-patterns-1.57.0.tgz",
      "integrity": "sha512-FPKNi17th6d88wNkl6WzNi9pEsffTZiWwZ27yazKzP6UzkF+LtV6qK7DKyPnaGdrKxMgVcDNQJGsHMHcyrNLfA==",
      "requires": {
        "@aws-cdk/aws-applicationautoscaling": "1.57.0",
        "@aws-cdk/aws-certificatemanager": "1.57.0",
        "@aws-cdk/aws-ec2": "1.57.0",
        "@aws-cdk/aws-ecs": "1.57.0",
        "@aws-cdk/aws-elasticloadbalancingv2": "1.57.0",
        "@aws-cdk/aws-events": "1.57.0",
        "@aws-cdk/aws-events-targets": "1.57.0",
        "@aws-cdk/aws-iam": "1.57.0",
        "@aws-cdk/aws-route53": "1.57.0",
        "@aws-cdk/aws-route53-targets": "1.57.0",
        "@aws-cdk/aws-servicediscovery": "1.57.0",
        "@aws-cdk/aws-sqs": "1.57.0",
        "@aws-cdk/core": "1.57.0",
        "constructs": "^3.0.2"
      }
    },
    "@aws-cdk/aws-efs": {
      "version": "1.57.0",
      "resolved": "https://registry.npmjs.org/@aws-cdk/aws-efs/-/aws-efs-1.57.0.tgz",
      "integrity": "sha512-vrxQAdG3c4KYGPnE6+eppyKHnqpdP/15VIC8ihFxpqdKBeQK2CguTZuN/dKMHWvhN6F2iyvRoGWSDzqI5uTbrg==",
      "requires": {
        "@aws-cdk/aws-ec2": "1.57.0",
        "@aws-cdk/aws-kms": "1.57.0",
        "@aws-cdk/cloud-assembly-schema": "1.57.0",
        "@aws-cdk/core": "1.57.0",
        "@aws-cdk/cx-api": "1.57.0",
        "constructs": "^3.0.2"
      }
    },
    "@aws-cdk/aws-elasticloadbalancing": {
      "version": "1.57.0",
      "resolved": "https://registry.npmjs.org/@aws-cdk/aws-elasticloadbalancing/-/aws-elasticloadbalancing-1.57.0.tgz",
      "integrity": "sha512-pK8fFu7g7MnGz4Dp+qlDEEXF2Vq2UQyVRgVt+wvcMWHbZN35wkhRM8XVvZ/QO7jyk4Dz5+hRy+vUbi5SuVha9w==",
      "requires": {
        "@aws-cdk/aws-ec2": "1.57.0",
        "@aws-cdk/core": "1.57.0",
        "constructs": "^3.0.2"
      }
    },
    "@aws-cdk/aws-elasticloadbalancingv2": {
      "version": "1.57.0",
      "resolved": "https://registry.npmjs.org/@aws-cdk/aws-elasticloadbalancingv2/-/aws-elasticloadbalancingv2-1.57.0.tgz",
      "integrity": "sha512-fSoqsgWBawL6eYIoAoF7O0QVwqlvAmtKltlUJ4mKS0Umor3MXEGrsdaMKitgNx6/mToJdYtfSe6UDMWI3HdjyQ==",
      "requires": {
        "@aws-cdk/aws-certificatemanager": "1.57.0",
        "@aws-cdk/aws-cloudwatch": "1.57.0",
        "@aws-cdk/aws-ec2": "1.57.0",
        "@aws-cdk/aws-iam": "1.57.0",
        "@aws-cdk/aws-lambda": "1.57.0",
        "@aws-cdk/aws-s3": "1.57.0",
        "@aws-cdk/core": "1.57.0",
        "@aws-cdk/region-info": "1.57.0",
        "constructs": "^3.0.2"
      }
    },
    "@aws-cdk/aws-events": {
      "version": "1.57.0",
      "resolved": "https://registry.npmjs.org/@aws-cdk/aws-events/-/aws-events-1.57.0.tgz",
      "integrity": "sha512-d2681DHe+gFQq+o4GXglnaEKmEorCpTYPQIbbRRO3RQzggSLdJMYFoIio3Vft3xeuaxpZCpNwyJ6mROdgiq3eg==",
      "requires": {
        "@aws-cdk/aws-iam": "1.57.0",
        "@aws-cdk/core": "1.57.0",
        "constructs": "^3.0.2"
      }
    },
    "@aws-cdk/aws-events-targets": {
      "version": "1.57.0",
      "resolved": "https://registry.npmjs.org/@aws-cdk/aws-events-targets/-/aws-events-targets-1.57.0.tgz",
      "integrity": "sha512-iwCY3CmxdSt0OknZdIO7aGIc/Q3sWLCFDTS1m2K+pf58d+Mim/g/QeifNje/UpUCBbBJkgufFPj3lFQa7w92lA==",
      "requires": {
        "@aws-cdk/aws-batch": "1.57.0",
        "@aws-cdk/aws-codebuild": "1.57.0",
        "@aws-cdk/aws-codepipeline": "1.57.0",
        "@aws-cdk/aws-ec2": "1.57.0",
        "@aws-cdk/aws-ecs": "1.57.0",
        "@aws-cdk/aws-events": "1.57.0",
        "@aws-cdk/aws-iam": "1.57.0",
        "@aws-cdk/aws-kinesis": "1.57.0",
        "@aws-cdk/aws-lambda": "1.57.0",
        "@aws-cdk/aws-sns": "1.57.0",
        "@aws-cdk/aws-sns-subscriptions": "1.57.0",
        "@aws-cdk/aws-sqs": "1.57.0",
        "@aws-cdk/aws-stepfunctions": "1.57.0",
        "@aws-cdk/core": "1.57.0",
        "constructs": "^3.0.2"
      }
    },
    "@aws-cdk/aws-iam": {
      "version": "1.57.0",
      "resolved": "https://registry.npmjs.org/@aws-cdk/aws-iam/-/aws-iam-1.57.0.tgz",
      "integrity": "sha512-vOltgt7CDEZ9Zko5tBhxP6bwuOAJA5ev04w1rwAcDD8W4UGHnz+2D1b0eAHfLhsICVagwfNEG+KmDyyKzrzyFw==",
      "requires": {
        "@aws-cdk/core": "1.57.0",
        "@aws-cdk/region-info": "1.57.0",
        "constructs": "^3.0.2"
      }
    },
    "@aws-cdk/aws-kinesis": {
      "version": "1.57.0",
      "resolved": "https://registry.npmjs.org/@aws-cdk/aws-kinesis/-/aws-kinesis-1.57.0.tgz",
      "integrity": "sha512-x7ySlxBV+8I82MeYdNHLOMFi7mO19mkMabP9MrDlINcXpHRwXtUO6LMN+Bl/sda5v2FeVK8tpZm1PQ7lJ3jVCA==",
      "requires": {
        "@aws-cdk/aws-iam": "1.57.0",
        "@aws-cdk/aws-kms": "1.57.0",
        "@aws-cdk/aws-logs": "1.57.0",
        "@aws-cdk/core": "1.57.0",
        "constructs": "^3.0.2"
      }
    },
    "@aws-cdk/aws-kms": {
      "version": "1.57.0",
      "resolved": "https://registry.npmjs.org/@aws-cdk/aws-kms/-/aws-kms-1.57.0.tgz",
      "integrity": "sha512-kBoOCPEZTTCU2JN9LfVy7qYKI9+XGyCPybcxbrXhYjM1eC2tKEcCub7fQiQ3He+H4QEgfEqoKhwJlLHUDMSKtQ==",
      "requires": {
        "@aws-cdk/aws-iam": "1.57.0",
        "@aws-cdk/core": "1.57.0",
        "constructs": "^3.0.2"
      }
    },
    "@aws-cdk/aws-lambda": {
      "version": "1.57.0",
      "resolved": "https://registry.npmjs.org/@aws-cdk/aws-lambda/-/aws-lambda-1.57.0.tgz",
      "integrity": "sha512-LNYO32T6ljUbfIEh1rOPFePQfUGF8GzAmazQ8A/G0aE8e919aJexWJ4k2YVcKAoKQRl7nPAZMXWWg2VfxEocDQ==",
      "requires": {
        "@aws-cdk/aws-cloudwatch": "1.57.0",
        "@aws-cdk/aws-codeguruprofiler": "1.57.0",
        "@aws-cdk/aws-ec2": "1.57.0",
        "@aws-cdk/aws-efs": "1.57.0",
        "@aws-cdk/aws-events": "1.57.0",
        "@aws-cdk/aws-iam": "1.57.0",
        "@aws-cdk/aws-logs": "1.57.0",
        "@aws-cdk/aws-s3": "1.57.0",
        "@aws-cdk/aws-s3-assets": "1.57.0",
        "@aws-cdk/aws-sqs": "1.57.0",
        "@aws-cdk/core": "1.57.0",
        "@aws-cdk/cx-api": "1.57.0",
        "constructs": "^3.0.2"
      }
    },
    "@aws-cdk/aws-logs": {
      "version": "1.57.0",
      "resolved": "https://registry.npmjs.org/@aws-cdk/aws-logs/-/aws-logs-1.57.0.tgz",
      "integrity": "sha512-q8hmcT7f6ZSHs0qypncTvIag7onKvt3gQIknPDnn3712rP3yz0zJlDfcN/TXRKEPxGVjGB9VCM/9q9pBKwbzQQ==",
      "requires": {
        "@aws-cdk/aws-cloudwatch": "1.57.0",
        "@aws-cdk/aws-iam": "1.57.0",
        "@aws-cdk/core": "1.57.0",
        "constructs": "^3.0.2"
      }
    },
    "@aws-cdk/aws-rds": {
      "version": "1.57.0",
      "resolved": "https://registry.npmjs.org/@aws-cdk/aws-rds/-/aws-rds-1.57.0.tgz",
      "integrity": "sha512-FU6PSJzMQOLBnY8FzDMYngZ/uf7QCCSB1QkHIn9geoaMaMtqRadRwrBYei6U5fdhFFLxAi94UYNwlQa8scXkyw==",
      "requires": {
        "@aws-cdk/aws-cloudwatch": "1.57.0",
        "@aws-cdk/aws-ec2": "1.57.0",
        "@aws-cdk/aws-events": "1.57.0",
        "@aws-cdk/aws-iam": "1.57.0",
        "@aws-cdk/aws-kms": "1.57.0",
        "@aws-cdk/aws-lambda": "1.57.0",
        "@aws-cdk/aws-logs": "1.57.0",
        "@aws-cdk/aws-s3": "1.57.0",
        "@aws-cdk/aws-secretsmanager": "1.57.0",
        "@aws-cdk/core": "1.57.0",
        "constructs": "^3.0.2"
      }
    },
    "@aws-cdk/aws-route53": {
      "version": "1.57.0",
      "resolved": "https://registry.npmjs.org/@aws-cdk/aws-route53/-/aws-route53-1.57.0.tgz",
      "integrity": "sha512-SR+Q6fxDNzhsrc0gKfdXH5CZYH++7qwj5Hcd5CXKKHi9hw01GrYadTz8eXLFRb6Bt8coY5FN+KDbXc/wCI0H4g==",
      "requires": {
        "@aws-cdk/aws-ec2": "1.57.0",
        "@aws-cdk/aws-logs": "1.57.0",
        "@aws-cdk/cloud-assembly-schema": "1.57.0",
        "@aws-cdk/core": "1.57.0",
        "constructs": "^3.0.2"
      }
    },
    "@aws-cdk/aws-route53-targets": {
      "version": "1.57.0",
      "resolved": "https://registry.npmjs.org/@aws-cdk/aws-route53-targets/-/aws-route53-targets-1.57.0.tgz",
      "integrity": "sha512-1qE5Zr/y3vF/8h/7coJoyDcjacjVeI3ASXECC/O8hEpDeevqQSTza/l/xyeM8FRpYw/TqtFpJ7EAZbnYk3nJFw==",
      "requires": {
        "@aws-cdk/aws-apigateway": "1.57.0",
        "@aws-cdk/aws-cloudfront": "1.57.0",
        "@aws-cdk/aws-cognito": "1.57.0",
        "@aws-cdk/aws-ec2": "1.57.0",
        "@aws-cdk/aws-elasticloadbalancing": "1.57.0",
        "@aws-cdk/aws-elasticloadbalancingv2": "1.57.0",
        "@aws-cdk/aws-iam": "1.57.0",
        "@aws-cdk/aws-route53": "1.57.0",
        "@aws-cdk/aws-s3": "1.57.0",
        "@aws-cdk/core": "1.57.0",
        "@aws-cdk/region-info": "1.57.0",
        "constructs": "^3.0.2"
      }
    },
    "@aws-cdk/aws-s3": {
      "version": "1.57.0",
      "resolved": "https://registry.npmjs.org/@aws-cdk/aws-s3/-/aws-s3-1.57.0.tgz",
      "integrity": "sha512-pwqLL6D+2saDNAlue74iBphPJ9E4ejXxrXg3llMLbud6GIjtzXz4G8H7z6OwkgdceEK5Sx3eVQNR4MPREdcO5g==",
      "requires": {
        "@aws-cdk/aws-events": "1.57.0",
        "@aws-cdk/aws-iam": "1.57.0",
        "@aws-cdk/aws-kms": "1.57.0",
        "@aws-cdk/core": "1.57.0",
        "constructs": "^3.0.2"
      }
    },
    "@aws-cdk/aws-s3-assets": {
      "version": "1.57.0",
      "resolved": "https://registry.npmjs.org/@aws-cdk/aws-s3-assets/-/aws-s3-assets-1.57.0.tgz",
      "integrity": "sha512-zX6xvP9m+InbD0IT40yCBRCtg0EW66WGMrd7yi9p4/kK8SSDdRP5LITJTzNrche24LUV2jWpzSBPVAm8QCp7JQ==",
      "requires": {
        "@aws-cdk/assets": "1.57.0",
        "@aws-cdk/aws-iam": "1.57.0",
        "@aws-cdk/aws-kms": "1.57.0",
        "@aws-cdk/aws-s3": "1.57.0",
        "@aws-cdk/core": "1.57.0",
        "@aws-cdk/cx-api": "1.57.0",
        "constructs": "^3.0.2"
      }
    },
    "@aws-cdk/aws-sam": {
      "version": "1.57.0",
      "resolved": "https://registry.npmjs.org/@aws-cdk/aws-sam/-/aws-sam-1.57.0.tgz",
      "integrity": "sha512-QDfNwvE9fXk6gf99H6GMEMaWUOX6xSfnqLZaRACGD95saNwTtRT00j9gepIxbf8AA1vvZLpw222U4vTnMnU01g==",
      "requires": {
        "@aws-cdk/core": "1.57.0",
        "constructs": "^3.0.2"
      }
    },
    "@aws-cdk/aws-secretsmanager": {
      "version": "1.57.0",
      "resolved": "https://registry.npmjs.org/@aws-cdk/aws-secretsmanager/-/aws-secretsmanager-1.57.0.tgz",
      "integrity": "sha512-URWlLfF1PR2BHgwcB1zGMkW1AsF9SrkA7qwyV/MmVvsQf3c2LOR6LWyCWJBRo3QSjrl/J8XVo6V5vBehE8hjow==",
      "requires": {
        "@aws-cdk/aws-ec2": "1.57.0",
        "@aws-cdk/aws-iam": "1.57.0",
        "@aws-cdk/aws-kms": "1.57.0",
        "@aws-cdk/aws-lambda": "1.57.0",
        "@aws-cdk/aws-sam": "1.57.0",
        "@aws-cdk/core": "1.57.0",
        "constructs": "^3.0.2"
      }
    },
    "@aws-cdk/aws-servicediscovery": {
      "version": "1.57.0",
      "resolved": "https://registry.npmjs.org/@aws-cdk/aws-servicediscovery/-/aws-servicediscovery-1.57.0.tgz",
      "integrity": "sha512-buRrZNRIrb1X7SHt+s8n2x6Pnj4fQ4L5do4NyC2yvzJk1na7I2quY8Po95GghZAi0JHraq6aI/AR4mOY10uI9w==",
      "requires": {
        "@aws-cdk/aws-ec2": "1.57.0",
        "@aws-cdk/aws-elasticloadbalancingv2": "1.57.0",
        "@aws-cdk/aws-route53": "1.57.0",
        "@aws-cdk/core": "1.57.0",
        "constructs": "^3.0.2"
      }
    },
    "@aws-cdk/aws-sns": {
      "version": "1.57.0",
      "resolved": "https://registry.npmjs.org/@aws-cdk/aws-sns/-/aws-sns-1.57.0.tgz",
      "integrity": "sha512-kJGbpOiUJBJext6DuWPkF6N3k/TzGeS/jXCCTWRbJoNFhyfor0G3IqHsuenLioNFz5IhPXJHEjW2vmGy5zjAlw==",
      "requires": {
        "@aws-cdk/aws-cloudwatch": "1.57.0",
        "@aws-cdk/aws-events": "1.57.0",
        "@aws-cdk/aws-iam": "1.57.0",
        "@aws-cdk/aws-kms": "1.57.0",
        "@aws-cdk/aws-sqs": "1.57.0",
        "@aws-cdk/core": "1.57.0",
        "constructs": "^3.0.2"
      }
    },
    "@aws-cdk/aws-sns-subscriptions": {
      "version": "1.57.0",
      "resolved": "https://registry.npmjs.org/@aws-cdk/aws-sns-subscriptions/-/aws-sns-subscriptions-1.57.0.tgz",
      "integrity": "sha512-86+fW/BKKyiNqZCTdmgf7RJcVrzhwLmZaCp/SatAnf6CPQ7vcf+14JAa8FmRjB0C5kSAeFDKx9eAb5amo9zTzA==",
      "requires": {
        "@aws-cdk/aws-iam": "1.57.0",
        "@aws-cdk/aws-lambda": "1.57.0",
        "@aws-cdk/aws-sns": "1.57.0",
        "@aws-cdk/aws-sqs": "1.57.0",
        "@aws-cdk/core": "1.57.0",
        "constructs": "^3.0.2"
      }
    },
    "@aws-cdk/aws-sqs": {
      "version": "1.57.0",
      "resolved": "https://registry.npmjs.org/@aws-cdk/aws-sqs/-/aws-sqs-1.57.0.tgz",
      "integrity": "sha512-Yu75GtLOykW/LPTp6fArLMsz8msTnnD0afIYcifzMbIU+EoqGtsGLkJat1rqHyU4t6g3cbcK8f7CVWSy+YyTZQ==",
      "requires": {
        "@aws-cdk/aws-cloudwatch": "1.57.0",
        "@aws-cdk/aws-iam": "1.57.0",
        "@aws-cdk/aws-kms": "1.57.0",
        "@aws-cdk/core": "1.57.0",
        "constructs": "^3.0.2"
      }
    },
    "@aws-cdk/aws-ssm": {
      "version": "1.57.0",
      "resolved": "https://registry.npmjs.org/@aws-cdk/aws-ssm/-/aws-ssm-1.57.0.tgz",
      "integrity": "sha512-nzDqMlqCooRbIZ3BazJMIXmoQWTMjJxP0Xn7bIfyjiTQwVj76h8r7n20uajXfCVMNcDj1Mpq+QBvNdyZPG/R6g==",
      "requires": {
        "@aws-cdk/aws-iam": "1.57.0",
        "@aws-cdk/aws-kms": "1.57.0",
        "@aws-cdk/cloud-assembly-schema": "1.57.0",
        "@aws-cdk/core": "1.57.0",
        "constructs": "^3.0.2"
      }
    },
    "@aws-cdk/aws-stepfunctions": {
      "version": "1.57.0",
      "resolved": "https://registry.npmjs.org/@aws-cdk/aws-stepfunctions/-/aws-stepfunctions-1.57.0.tgz",
      "integrity": "sha512-4Age9vLLC5s7oeVRIOW/wB+EvAgoIZxO/nlkZ3i5bRWvvRpesELS3DUkSXicbEJP0mn3yCujGnMo85LnTT7o2g==",
      "requires": {
        "@aws-cdk/aws-cloudwatch": "1.57.0",
        "@aws-cdk/aws-events": "1.57.0",
        "@aws-cdk/aws-iam": "1.57.0",
        "@aws-cdk/aws-logs": "1.57.0",
        "@aws-cdk/core": "1.57.0",
        "constructs": "^3.0.2"
      }
    },
    "@aws-cdk/cloud-assembly-schema": {
      "version": "1.57.0",
      "resolved": "https://registry.npmjs.org/@aws-cdk/cloud-assembly-schema/-/cloud-assembly-schema-1.57.0.tgz",
      "integrity": "sha512-IJyV3pgMvpbaIVYpUkBGsxIWh+VK7TxuTbEyHfBra5+VgXLoFdSG2UO80b4v6ou+occRqUGbqAnc/VfYr1uuvw==",
      "requires": {
        "jsonschema": "^1.2.5",
        "semver": "^7.2.2"
      }
    },
    "@aws-cdk/core": {
      "version": "1.57.0",
      "resolved": "https://registry.npmjs.org/@aws-cdk/core/-/core-1.57.0.tgz",
      "integrity": "sha512-NOE9u2tVwEF+EN5CYaoC34csBgKLA9rjCWCB6R64RPQ2MlhBFCvQxdG2ZO26nOOvH+yv/3zlylM7F546mfQMHg==",
      "requires": {
        "@aws-cdk/cloud-assembly-schema": "1.57.0",
        "@aws-cdk/cx-api": "1.57.0",
        "constructs": "^3.0.2",
        "fs-extra": "^9.0.1",
        "minimatch": "^3.0.4"
      }
    },
    "@aws-cdk/custom-resources": {
      "version": "1.57.0",
      "resolved": "https://registry.npmjs.org/@aws-cdk/custom-resources/-/custom-resources-1.57.0.tgz",
      "integrity": "sha512-EEK2aRFRfC5uKWRQLFLjLApipb0NU07fDuATgdhSd1oqDRUvzvpQGJe0QL411c5rZGZa1aUAU9t/rnY1zmd1yQ==",
      "requires": {
        "@aws-cdk/aws-cloudformation": "1.57.0",
        "@aws-cdk/aws-iam": "1.57.0",
        "@aws-cdk/aws-lambda": "1.57.0",
        "@aws-cdk/aws-logs": "1.57.0",
        "@aws-cdk/aws-sns": "1.57.0",
        "@aws-cdk/core": "1.57.0",
        "constructs": "^3.0.2"
      }
    },
    "@aws-cdk/cx-api": {
      "version": "1.57.0",
      "resolved": "https://registry.npmjs.org/@aws-cdk/cx-api/-/cx-api-1.57.0.tgz",
      "integrity": "sha512-h2qTTofE8cE1rSZB9ny+7AjjmxEdKoxhq+GsQebQ5NZkrN/Rbc+DL77S/GG53koPG4u/ZoA4UcdLz/JqiGgdPA==",
      "requires": {
        "@aws-cdk/cloud-assembly-schema": "1.57.0",
        "semver": "^7.2.2"
      },
      "dependencies": {
        "semver": {
          "version": "7.3.2",
          "resolved": "https://registry.npmjs.org/semver/-/semver-7.3.2.tgz",
          "integrity": "sha512-OrOb32TeeambH6UrhtShmF7CRDqhL6/5XpPNp2DuRH6+9QLw/orhp72j87v8Qa1ScDkvrrBNpZcDejAirJmfXQ=="
        }
      }
    },
    "@aws-cdk/region-info": {
      "version": "1.57.0",
      "resolved": "https://registry.npmjs.org/@aws-cdk/region-info/-/region-info-1.57.0.tgz",
      "integrity": "sha512-U2V2f/PdD2VDGVwGGShb+7dqhmEEmShlOOdvDQvTmAg2SW6HwOt/rsz+va6EzvWV7fmxtFEfMiJVpnheZ1Vwyg=="
    },
    "@types/node": {
      "version": "8.10.62",
      "resolved": "https://registry.npmjs.org/@types/node/-/node-8.10.62.tgz",
      "integrity": "sha512-76fupxOYVxk36kb7O/6KtrAPZ9jnSK3+qisAX4tQMEuGNdlvl7ycwatlHqjoE6jHfVtXFM3pCrCixZOidc5cuw==",
      "dev": true
    },
    "@types/uuid": {
      "version": "8.3.0",
      "resolved": "https://registry.npmjs.org/@types/uuid/-/uuid-8.3.0.tgz",
      "integrity": "sha512-eQ9qFW/fhfGJF8WKHGEHZEyVWfZxrT+6CLIJGBcZPfxUh/+BnEj+UCGYMlr9qZuX/2AltsvwrGqp0LhEW8D0zQ=="
    },
    "at-least-node": {
      "version": "1.0.0",
      "resolved": "https://registry.npmjs.org/at-least-node/-/at-least-node-1.0.0.tgz",
      "integrity": "sha512-+q/t7Ekv1EDY2l6Gda6LLiX14rU9TV20Wa3ofeQmwPFZbOMo9DXrLbOjFaaclkXKWidIaopwAObQDqwWtGUjqg=="
    },
    "balanced-match": {
      "version": "1.0.0",
      "resolved": "https://registry.npmjs.org/balanced-match/-/balanced-match-1.0.0.tgz",
      "integrity": "sha1-ibTRmasr7kneFk6gK4nORi1xt2c="
    },
    "brace-expansion": {
      "version": "1.1.11",
      "resolved": "https://registry.npmjs.org/brace-expansion/-/brace-expansion-1.1.11.tgz",
      "integrity": "sha512-iCuPHDFgrHX7H2vEI/5xpz07zSHB00TpugqhmYtVmMO6518mCuRMoOYFldEBl0g187ufozdaHgWKcYFb61qGiA==",
      "requires": {
        "balanced-match": "^1.0.0",
        "concat-map": "0.0.1"
      }
    },
    "concat-map": {
      "version": "0.0.1",
      "resolved": "https://registry.npmjs.org/concat-map/-/concat-map-0.0.1.tgz",
      "integrity": "sha1-2Klr13/Wjfd5OnMDajug1UBdR3s="
    },
    "constructs": {
      "version": "3.0.4",
      "resolved": "https://registry.npmjs.org/constructs/-/constructs-3.0.4.tgz",
      "integrity": "sha512-CDvg7gMjphE3DFX4pzkF6j73NREbR8npPFW8Mx/CLRnMR035+Y1o1HrXIsNSss/dq3ZUnNTU9jKyd3fL9EOlfw=="
    },
    "fs-extra": {
      "version": "9.0.1",
      "resolved": "https://registry.npmjs.org/fs-extra/-/fs-extra-9.0.1.tgz",
      "integrity": "sha512-h2iAoN838FqAFJY2/qVpzFXy+EBxfVE220PalAqQLDVsFOHLJrZvut5puAbCdNv6WJk+B8ihI+k0c7JK5erwqQ==",
      "requires": {
        "at-least-node": "^1.0.0",
        "graceful-fs": "^4.2.0",
        "jsonfile": "^6.0.1",
        "universalify": "^1.0.0"
      }
    },
    "graceful-fs": {
      "version": "4.2.4",
      "resolved": "https://registry.npmjs.org/graceful-fs/-/graceful-fs-4.2.4.tgz",
      "integrity": "sha512-WjKPNJF79dtJAVniUlGGWHYGz2jWxT6VhN/4m1NdkbZ2nOsEF+cI1Edgql5zCRhs/VsQYRvrXctxktVXZUkixw=="
    },
    "jsonfile": {
      "version": "6.0.1",
      "resolved": "https://registry.npmjs.org/jsonfile/-/jsonfile-6.0.1.tgz",
      "integrity": "sha512-jR2b5v7d2vIOust+w3wtFKZIfpC2pnRmFAhAC/BuweZFQR8qZzxH1OyrQ10HmdVYiXWkYUqPVsz91cG7EL2FBg==",
      "requires": {
        "graceful-fs": "^4.1.6",
        "universalify": "^1.0.0"
      }
    },
    "jsonschema": {
      "version": "1.2.6",
      "resolved": "https://registry.npmjs.org/jsonschema/-/jsonschema-1.2.6.tgz",
      "integrity": "sha512-SqhURKZG07JyKKeo/ir24QnS4/BV7a6gQy93bUSe4lUdNp0QNpIz2c9elWJQ9dpc5cQYY6cvCzgRwy0MQCLyqA=="
    },
    "minimatch": {
      "version": "3.0.4",
      "resolved": "https://registry.npmjs.org/minimatch/-/minimatch-3.0.4.tgz",
      "integrity": "sha512-yJHVQEhyqPLUTgt9B83PXu6W3rx4MvvHvSUvToogpwoGDOUQ+yDrR0HRot+yOCdCO7u4hX3pWft6kWBBcqh0UA==",
      "requires": {
        "brace-expansion": "^1.1.7"
      }
    },
    "semver": {
      "version": "7.3.2",
      "resolved": "https://registry.npmjs.org/semver/-/semver-7.3.2.tgz",
      "integrity": "sha512-OrOb32TeeambH6UrhtShmF7CRDqhL6/5XpPNp2DuRH6+9QLw/orhp72j87v8Qa1ScDkvrrBNpZcDejAirJmfXQ=="
    },
    "typescript": {
      "version": "3.7.5",
      "resolved": "https://registry.npmjs.org/typescript/-/typescript-3.7.5.tgz",
      "integrity": "sha512-/P5lkRXkWHNAbcJIiHPfRoKqyd7bsyCma1hZNUGfn20qm64T6ZBlrzprymeu918H+mB/0rIg2gGK/BXkhhYgBw==",
      "dev": true
    },
    "universalify": {
      "version": "1.0.0",
      "resolved": "https://registry.npmjs.org/universalify/-/universalify-1.0.0.tgz",
      "integrity": "sha512-rb6X1W158d7pRQBg5gkR8uPaSfiids68LTJQYOtEUhoJUWBdaQHsuT/EUduxXYxcrt4r5PJ4fuHW1MHT6p0qug=="
    },
    "uuid": {
      "version": "8.3.1",
      "resolved": "https://registry.npmjs.org/uuid/-/uuid-8.3.1.tgz",
      "integrity": "sha512-FOmRr+FmWEIG8uhZv6C2bTgEVXsHk08kE7mPlrBbEe+c3r9pjceVPgupIfNIhc4yx55H69OXANrUaSuu9eInKg=="
    }
  }
}
